<?xml version="1.0" encoding="utf-8"?>
<Project ToolsVersion="4.0" xmlns="http://schemas.microsoft.com/developer/msbuild/2003">
  <ItemGroup>
    <Filter Include="Source Files">
      <UniqueIdentifier>{4FC737F1-C7A5-4376-A066-2A32D752A2FF}</UniqueIdentifier>
      <Extensions>cpp;c;cc;cxx;c++;cppm;ixx;def;odl;idl;hpj;bat;asm;asmx</Extensions>
    </Filter>
    <Filter Include="Header Files">
      <UniqueIdentifier>{93995380-89BD-4b04-88EB-625FBE52EBFB}</UniqueIdentifier>
      <Extensions>h;hh;hpp;hxx;h++;hm;inl;inc;ipp;xsd</Extensions>
    </Filter>
    <Filter Include="Resource Files">
      <UniqueIdentifier>{67DA6AB6-F800-4c08-8B7A-83BB121AAD01}</UniqueIdentifier>
      <Extensions>rc;ico;cur;bmp;dlg;rc2;rct;bin;rgs;gif;jpg;jpeg;jpe;resx;tiff;tif;png;wav;mfcribbon-ms</Extensions>
    </Filter>
  </ItemGroup>
  <ItemGroup>
    <ClCompile Include="demo\main.cpp">
      <Filter>Source Files</Filter>
    </ClCompile>
    <ClCompile Include="source\core\Base.cpp">
      <Filter>Source Files</Filter>
    </ClCompile>
    <ClCompile Include="source\graphics\GraphicsEngine.cpp">
      <Filter>Source Files</Filter>
    </ClCompile>
    <ClCompile Include="source\graphics\GraphicsDevice.cpp">
      <Filter>Source Files</Filter>
    </ClCompile>
    <ClCompile Include="source\game\Game.cpp">
      <Filter>Source Files</Filter>
    </ClCompile>
    <ClCompile Include="source\game\win32\Win32Game.cpp">
      <Filter>Source Files</Filter>
    </ClCompile>
    <ClCompile Include="source\core\Logger.cpp">
      <Filter>Source Files</Filter>
    </ClCompile>
    <ClCompile Include="source\graphics\SwapChain.cpp">
      <Filter>Source Files</Filter>
    </ClCompile>
    <ClCompile Include="source\math\Rect.cpp">
      <Filter>Source Files</Filter>
    </ClCompile>
    <ClCompile Include="source\game\Display.cpp">
      <Filter>Source Files</Filter>
    </ClCompile>
    <ClCompile Include="source\graphics\GraphicsResource.cpp">
      <Filter>Source Files</Filter>
    </ClCompile>
    <ClCompile Include="source\graphics\DeviceContext.cpp">
      <Filter>Source Files</Filter>
    </ClCompile>
    <ClCompile Include="source\math\Vec4.cpp">
      <Filter>Source Files</Filter>
    </ClCompile>
    <ClCompile Include="source\graphics\ShaderBinary.cpp">
      <Filter>Source Files</Filter>
    </ClCompile>
    <ClCompile Include="source\graphics\GraphicsPipelineState.cpp">
      <Filter>Source Files</Filter>
    </ClCompile>
    <ClCompile Include="source\graphics\VertexBuffer.cpp">
      <Filter>Source Files</Filter>
    </ClCompile>
    <ClCompile Include="source\math\Vec3.cpp">
      <Filter>Source Files</Filter>
    </ClCompile>
    <ClCompile Include="source\graphics\VertexShaderSignature.cpp">
      <Filter>Source Files</Filter>
    </ClCompile>
    <ClCompile Include="source\window\win32\Win32Window.cpp">
      <Filter>Source Files</Filter>
    </ClCompile>
    <ClCompile Include="source\window\Window.cpp">
      <Filter>Source Files</Filter>
    </ClCompile>
    <ClCompile Include="source\graphics\ConstantBuffer.cpp">
      <Filter>Source Files</Filter>
    </ClCompile>
    <ClCompile Include="source\math\Mat4.cpp">
      <Filter>Source Files</Filter>
    </ClCompile>
    <ClCompile Include="source\graphics\IndexBuffer.cpp">
      <Filter>Source Files</Filter>
    </ClCompile>
    <ClCompile Include="include\misc\AssetManager.cpp">
      <Filter>Source Files</Filter>
    </ClCompile>
    <ClCompile Include="source\input\InputManager.cpp">
      <Filter>Source Files</Filter>
    </ClCompile>
    <ClCompile Include="source\input\InputListener.cpp">
      <Filter>Source Files</Filter>
    </ClCompile>
    <ClCompile Include="source\input\win32\Win32InputManager.cpp">
      <Filter>Source Files</Filter>
    </ClCompile>
  </ItemGroup>
  <ItemGroup>
    <ClInclude Include="include\core\Base.h">
      <Filter>Header Files</Filter>
    </ClInclude>
    <ClInclude Include="include\window\Window.h">
      <Filter>Header Files</Filter>
    </ClInclude>
    <ClInclude Include="include\core\Core.h">
      <Filter>Header Files</Filter>
    </ClInclude>
    <ClInclude Include="source\graphics\GraphicsEngine.h">
      <Filter>Header Files</Filter>
    </ClInclude>
    <ClInclude Include="source\graphics\GraphicsDevice.h">
      <Filter>Header Files</Filter>
    </ClInclude>
    <ClInclude Include="include\game\Game.h">
      <Filter>Header Files</Filter>
    </ClInclude>
    <ClInclude Include="include\core\Logger.h">
      <Filter>Header Files</Filter>
    </ClInclude>
    <ClInclude Include="include\core\Common.h">
      <Filter>Header Files</Filter>
    </ClInclude>
    <ClInclude Include="source\graphics\GraphicsLogUtils.h">
      <Filter>Header Files</Filter>
    </ClInclude>
    <ClInclude Include="source\graphics\SwapChain.h">
      <Filter>Header Files</Filter>
    </ClInclude>
    <ClInclude Include="source\graphics\GraphicsResource.h">
      <Filter>Header Files</Filter>
    </ClInclude>
    <ClInclude Include="include\math\Rect.h">
      <Filter>Header Files</Filter>
    </ClInclude>
    <ClInclude Include="include\game\Display.h">
      <Filter>Header Files</Filter>
    </ClInclude>
    <ClInclude Include="include\core\LogUtils.h">
      <Filter>Header Files</Filter>
    </ClInclude>
    <ClInclude Include="source\graphics\DeviceContext.h">
      <Filter>Header Files</Filter>
    </ClInclude>
    <ClInclude Include="include\math\Vec4.h">
      <Filter>Header Files</Filter>
    </ClInclude>
    <ClInclude Include="source\graphics\ShaderBinary.h">
      <Filter>Header Files</Filter>
    </ClInclude>
    <ClInclude Include="source\graphics\GraphicsUtils.h">
      <Filter>Header Files</Filter>
    </ClInclude>
    <ClInclude Include="source\graphics\GraphicsPipelineState.h">
      <Filter>Header Files</Filter>
    </ClInclude>
    <ClInclude Include="source\graphics\VertexBuffer.h">
      <Filter>Header Files</Filter>
    </ClInclude>
    <ClInclude Include="include\math\Vec3.h">
      <Filter>Header Files</Filter>
    </ClInclude>
    <ClInclude Include="source\graphics\VertexShaderSignature.h">
      <Filter>Header Files</Filter>
    </ClInclude>
    <ClInclude Include="source\window\win32\Win32Window.h">
      <Filter>Header Files</Filter>
    </ClInclude>
    <ClInclude Include="include\misc\PlatformUtils.h">
      <Filter>Header Files</Filter>
    </ClInclude>
    <ClInclude Include="source\graphics\GraphicsTypes.h">
      <Filter>Header Files</Filter>
    </ClInclude>
    <ClInclude Include="source\graphics\ConstantBuffer.h">
      <Filter>Header Files</Filter>
    </ClInclude>
    <ClInclude Include="include\math\Mat4.h">
      <Filter>Header Files</Filter>
    </ClInclude>
    <ClInclude Include="source\graphics\IndexBuffer.h">
      <Filter>Header Files</Filter>
    </ClInclude>
    <ClInclude Include="include\misc\AssetManager.h">
      <Filter>Header Files</Filter>
    </ClInclude>
    <ClInclude Include="include\input\InputManager.h">
      <Filter>Header Files</Filter>
    </ClInclude>
    <ClInclude Include="include\input\InputListener.h">
      <Filter>Header Files</Filter>
    </ClInclude>
    <ClInclude Include="source\input\win32\Win32InputManager.h">
      <Filter>Header Files</Filter>
    </ClInclude>
    <ClInclude Include="include\input\InputKeyCodes.h">
      <Filter>Header Files</Filter>
    </ClInclude>
  </ItemGroup>
</Project>